Microsoft Visual Studio Solution File, Format Version 8.00
Project("{8BC9CEB8-8B4A-11D0-8D11-00A0C91BC942}") = "emule", "emule.vcproj", "{584EA69D-3443-4197-8994-364880FC1B9B}"
	ProjectSection(ProjectDependencies) = postProject
	EndProjectSection
EndProject
Project("{8BC9CEB8-8B4A-11D0-8D11-00A0C91BC942}") = "cryptlib", "..\crypto51\cryptlib.vcproj", "{070E1CC5-4D82-4114-B1B1-0DC73E7AF845}"
	ProjectSection(ProjectDependencies) = postProject
	EndProjectSection
EndProject
Project("{8BC9CEB8-8B4A-11D0-8D11-00A0C91BC942}") = "ResizableLib", "..\ResizableLib\ResizableLib.vcproj", "{7D50CAEC-7C07-4E9D-93EF-3D4299EB6377}"
	ProjectSection(ProjectDependencies) = postProject
	EndProjectSection
EndProject
Project("{8BC9CEB8-8B4A-11D0-8D11-00A0C91BC942}") = "CxImage", "CxImage\cximage.vcproj", "{B437B84A-B4B0-4389-BF5B-7E25FD9DCF3D}"
	ProjectSection(ProjectDependencies) = postProject
	EndProjectSection
EndProject
Project("{8BC9CEB8-8B4A-11D0-8D11-00A0C91BC942}") = "id3lib", "..\id3lib\libprj\id3lib.vcproj", "{EEA5B300-60AB-4132-8E4B-B11C3B080621}"
	ProjectSection(ProjectDependencies) = postProject
	EndProjectSection
EndProject
Project("{8BC9CEB8-8B4A-11D0-8D11-00A0C91BC942}") = "libpng", "..\png\projects\msvc\libpng.vcproj", "{25CA79CB-33A0-4B36-BCC3-6AA5AC8C79CD}"
	ProjectSection(ProjectDependencies) = postProject
	EndProjectSection
EndProject
Project("{8BC9CEB8-8B4A-11D0-8D11-00A0C91BC942}") = "zlib", "..\png\projects\msvc\zlib.vcproj", "{21AF1049-925D-4220-8962-9C03C2100B0F}"
	ProjectSection(ProjectDependencies) = postProject
	EndProjectSection
EndProject
Global
	GlobalSection(SolutionConfiguration) = preSolution
		Debug = Debug
		Debug Static = Debug Static
		DLL ASM Debug = DLL ASM Debug
		DLL ASM Release = DLL ASM Release
		DLL Debug = DLL Debug
		DLL Release = DLL Release
		DLL VB = DLL VB
		DLL-Import Debug = DLL-Import Debug
		DLL-Import Release = DLL-Import Release
		LIB ASM Debug = LIB ASM Debug
		LIB ASM Release = LIB ASM Release
		LIB Debug = LIB Debug
		LIB Release = LIB Release
		Release = Release
		Release Static = Release Static
	EndGlobalSection
	GlobalSection(ProjectConfiguration) = postSolution
		{584EA69D-3443-4197-8994-364880FC1B9B}.Debug.ActiveCfg = Debug|Win32
		{584EA69D-3443-4197-8994-364880FC1B9B}.Debug.Build.0 = Debug|Win32
		{584EA69D-3443-4197-8994-364880FC1B9B}.Debug Static.ActiveCfg = Debug|Win32
		{584EA69D-3443-4197-8994-364880FC1B9B}.Debug Static.Build.0 = Debug|Win32
		{584EA69D-3443-4197-8994-364880FC1B9B}.DLL ASM Debug.ActiveCfg = Debug|Win32
		{584EA69D-3443-4197-8994-364880FC1B9B}.DLL ASM Debug.Build.0 = Debug|Win32
		{584EA69D-3443-4197-8994-364880FC1B9B}.DLL ASM Release.ActiveCfg = Release|Win32
		{584EA69D-3443-4197-8994-364880FC1B9B}.DLL ASM Release.Build.0 = Release|Win32
		{584EA69D-3443-4197-8994-364880FC1B9B}.DLL Debug.ActiveCfg = Debug|Win32
		{584EA69D-3443-4197-8994-364880FC1B9B}.DLL Debug.Build.0 = Debug|Win32
		{584EA69D-3443-4197-8994-364880FC1B9B}.DLL Release.ActiveCfg = Release|Win32
		{584EA69D-3443-4197-8994-364880FC1B9B}.DLL Release.Build.0 = Release|Win32
		{584EA69D-3443-4197-8994-364880FC1B9B}.DLL VB.ActiveCfg = Debug|Win32
		{584EA69D-3443-4197-8994-364880FC1B9B}.DLL VB.Build.0 = Debug|Win32
		{584EA69D-3443-4197-8994-364880FC1B9B}.DLL-Import Debug.ActiveCfg = Debug|Win32
		{584EA69D-3443-4197-8994-364880FC1B9B}.DLL-Import Debug.Build.0 = Debug|Win32
		{584EA69D-3443-4197-8994-364880FC1B9B}.DLL-Import Release.ActiveCfg = Release|Win32
		{584EA69D-3443-4197-8994-364880FC1B9B}.DLL-Import Release.Build.0 = Release|Win32
		{584EA69D-3443-4197-8994-364880FC1B9B}.LIB ASM Debug.ActiveCfg = Debug|Win32
		{584EA69D-3443-4197-8994-364880FC1B9B}.LIB ASM Debug.Build.0 = Debug|Win32
		{584EA69D-3443-4197-8994-364880FC1B9B}.LIB ASM Release.ActiveCfg = Release|Win32
		{584EA69D-3443-4197-8994-364880FC1B9B}.LIB ASM Release.Build.0 = Release|Win32
		{584EA69D-3443-4197-8994-364880FC1B9B}.LIB Debug.ActiveCfg = Debug|Win32
		{584EA69D-3443-4197-8994-364880FC1B9B}.LIB Debug.Build.0 = Debug|Win32
		{584EA69D-3443-4197-8994-364880FC1B9B}.LIB Release.ActiveCfg = Release|Win32
		{584EA69D-3443-4197-8994-364880FC1B9B}.LIB Release.Build.0 = Release|Win32
		{584EA69D-3443-4197-8994-364880FC1B9B}.Release.ActiveCfg = Release|Win32
		{584EA69D-3443-4197-8994-364880FC1B9B}.Release.Build.0 = Release|Win32
		{584EA69D-3443-4197-8994-364880FC1B9B}.Release Static.ActiveCfg = Release|Win32
		{584EA69D-3443-4197-8994-364880FC1B9B}.Release Static.Build.0 = Release|Win32
		{070E1CC5-4D82-4114-B1B1-0DC73E7AF845}.Debug.ActiveCfg = Debug|Win32
		{070E1CC5-4D82-4114-B1B1-0DC73E7AF845}.Debug.Build.0 = Debug|Win32
		{070E1CC5-4D82-4114-B1B1-0DC73E7AF845}.Debug Static.ActiveCfg = Debug|Win32
		{070E1CC5-4D82-4114-B1B1-0DC73E7AF845}.Debug Static.Build.0 = Debug|Win32
		{070E1CC5-4D82-4114-B1B1-0DC73E7AF845}.DLL ASM Debug.ActiveCfg = Debug|Win32
		{070E1CC5-4D82-4114-B1B1-0DC73E7AF845}.DLL ASM Debug.Build.0 = Debug|Win32
		{070E1CC5-4D82-4114-B1B1-0DC73E7AF845}.DLL ASM Release.ActiveCfg = Release|Win32
		{070E1CC5-4D82-4114-B1B1-0DC73E7AF845}.DLL ASM Release.Build.0 = Release|Win32
		{070E1CC5-4D82-4114-B1B1-0DC73E7AF845}.DLL Debug.ActiveCfg = Debug|Win32
		{070E1CC5-4D82-4114-B1B1-0DC73E7AF845}.DLL Debug.Build.0 = Debug|Win32
		{070E1CC5-4D82-4114-B1B1-0DC73E7AF845}.DLL Release.ActiveCfg = Release|Win32
		{070E1CC5-4D82-4114-B1B1-0DC73E7AF845}.DLL Release.Build.0 = Release|Win32
		{070E1CC5-4D82-4114-B1B1-0DC73E7AF845}.DLL VB.ActiveCfg = DLL-Import Debug|Win32
		{070E1CC5-4D82-4114-B1B1-0DC73E7AF845}.DLL VB.Build.0 = DLL-Import Debug|Win32
		{070E1CC5-4D82-4114-B1B1-0DC73E7AF845}.DLL-Import Debug.ActiveCfg = DLL-Import Debug|Win32
		{070E1CC5-4D82-4114-B1B1-0DC73E7AF845}.DLL-Import Debug.Build.0 = DLL-Import Debug|Win32
		{070E1CC5-4D82-4114-B1B1-0DC73E7AF845}.DLL-Import Release.ActiveCfg = DLL-Import Release|Win32
		{070E1CC5-4D82-4114-B1B1-0DC73E7AF845}.DLL-Import Release.Build.0 = DLL-Import Release|Win32
		{070E1CC5-4D82-4114-B1B1-0DC73E7AF845}.LIB ASM Debug.ActiveCfg = Debug|Win32
		{070E1CC5-4D82-4114-B1B1-0DC73E7AF845}.LIB ASM Debug.Build.0 = Debug|Win32
		{070E1CC5-4D82-4114-B1B1-0DC73E7AF845}.LIB ASM Release.ActiveCfg = Release|Win32
		{070E1CC5-4D82-4114-B1B1-0DC73E7AF845}.LIB ASM Release.Build.0 = Release|Win32
		{070E1CC5-4D82-4114-B1B1-0DC73E7AF845}.LIB Debug.ActiveCfg = Debug|Win32
		{070E1CC5-4D82-4114-B1B1-0DC73E7AF845}.LIB Debug.Build.0 = Debug|Win32
		{070E1CC5-4D82-4114-B1B1-0DC73E7AF845}.LIB Release.ActiveCfg = Release|Win32
		{070E1CC5-4D82-4114-B1B1-0DC73E7AF845}.LIB Release.Build.0 = Release|Win32
		{070E1CC5-4D82-4114-B1B1-0DC73E7AF845}.Release.ActiveCfg = Release|Win32
		{070E1CC5-4D82-4114-B1B1-0DC73E7AF845}.Release.Build.0 = Release|Win32
		{070E1CC5-4D82-4114-B1B1-0DC73E7AF845}.Release Static.ActiveCfg = Release|Win32
		{070E1CC5-4D82-4114-B1B1-0DC73E7AF845}.Release Static.Build.0 = Release|Win32
		{7D50CAEC-7C07-4E9D-93EF-3D4299EB6377}.Debug.ActiveCfg = Debug|Win32
		{7D50CAEC-7C07-4E9D-93EF-3D4299EB6377}.Debug.Build.0 = Debug|Win32
		{7D50CAEC-7C07-4E9D-93EF-3D4299EB6377}.Debug Static.ActiveCfg = Debug Static|Win32
		{7D50CAEC-7C07-4E9D-93EF-3D4299EB6377}.Debug Static.Build.0 = Debug Static|Win32
		{7D50CAEC-7C07-4E9D-93EF-3D4299EB6377}.DLL ASM Debug.ActiveCfg = Debug|Win32
		{7D50CAEC-7C07-4E9D-93EF-3D4299EB6377}.DLL ASM Debug.Build.0 = Debug|Win32
		{7D50CAEC-7C07-4E9D-93EF-3D4299EB6377}.DLL ASM Release.ActiveCfg = Release|Win32
		{7D50CAEC-7C07-4E9D-93EF-3D4299EB6377}.DLL ASM Release.Build.0 = Release|Win32
		{7D50CAEC-7C07-4E9D-93EF-3D4299EB6377}.DLL Debug.ActiveCfg = Debug|Win32
		{7D50CAEC-7C07-4E9D-93EF-3D4299EB6377}.DLL Debug.Build.0 = Debug|Win32
		{7D50CAEC-7C07-4E9D-93EF-3D4299EB6377}.DLL Release.ActiveCfg = Release|Win32
		{7D50CAEC-7C07-4E9D-93EF-3D4299EB6377}.DLL Release.Build.0 = Release|Win32
		{7D50CAEC-7C07-4E9D-93EF-3D4299EB6377}.DLL VB.ActiveCfg = Debug|Win32
		{7D50CAEC-7C07-4E9D-93EF-3D4299EB6377}.DLL VB.Build.0 = Debug|Win32
		{7D50CAEC-7C07-4E9D-93EF-3D4299EB6377}.DLL-Import Debug.ActiveCfg = Debug|Win32
		{7D50CAEC-7C07-4E9D-93EF-3D4299EB6377}.DLL-Import Debug.Build.0 = Debug|Win32
		{7D50CAEC-7C07-4E9D-93EF-3D4299EB6377}.DLL-Import Release.ActiveCfg = Release|Win32
		{7D50CAEC-7C07-4E9D-93EF-3D4299EB6377}.DLL-Import Release.Build.0 = Release|Win32
		{7D50CAEC-7C07-4E9D-93EF-3D4299EB6377}.LIB ASM Debug.ActiveCfg = Debug|Win32
		{7D50CAEC-7C07-4E9D-93EF-3D4299EB6377}.LIB ASM Debug.Build.0 = Debug|Win32
		{7D50CAEC-7C07-4E9D-93EF-3D4299EB6377}.LIB ASM Release.ActiveCfg = Release|Win32
		{7D50CAEC-7C07-4E9D-93EF-3D4299EB6377}.LIB ASM Release.Build.0 = Release|Win32
		{7D50CAEC-7C07-4E9D-93EF-3D4299EB6377}.LIB Debug.ActiveCfg = Debug|Win32
		{7D50CAEC-7C07-4E9D-93EF-3D4299EB6377}.LIB Debug.Build.0 = Debug|Win32
		{7D50CAEC-7C07-4E9D-93EF-3D4299EB6377}.LIB Release.ActiveCfg = Release|Win32
		{7D50CAEC-7C07-4E9D-93EF-3D4299EB6377}.LIB Release.Build.0 = Release|Win32
		{7D50CAEC-7C07-4E9D-93EF-3D4299EB6377}.Release.ActiveCfg = Release|Win32
		{7D50CAEC-7C07-4E9D-93EF-3D4299EB6377}.Release.Build.0 = Release|Win32
		{7D50CAEC-7C07-4E9D-93EF-3D4299EB6377}.Release Static.ActiveCfg = Release Static|Win32
		{7D50CAEC-7C07-4E9D-93EF-3D4299EB6377}.Release Static.Build.0 = Release Static|Win32
		{B437B84A-B4B0-4389-BF5B-7E25FD9DCF3D}.Debug.ActiveCfg = Debug|Win32
		{B437B84A-B4B0-4389-BF5B-7E25FD9DCF3D}.Debug.Build.0 = Debug|Win32
		{B437B84A-B4B0-4389-BF5B-7E25FD9DCF3D}.Debug Static.ActiveCfg = Debug|Win32
		{B437B84A-B4B0-4389-BF5B-7E25FD9DCF3D}.Debug Static.Build.0 = Debug|Win32
		{B437B84A-B4B0-4389-BF5B-7E25FD9DCF3D}.DLL ASM Debug.ActiveCfg = Debug|Win32
		{B437B84A-B4B0-4389-BF5B-7E25FD9DCF3D}.DLL ASM Debug.Build.0 = Debug|Win32
		{B437B84A-B4B0-4389-BF5B-7E25FD9DCF3D}.DLL ASM Release.ActiveCfg = Release|Win32
		{B437B84A-B4B0-4389-BF5B-7E25FD9DCF3D}.DLL ASM Release.Build.0 = Release|Win32
		{B437B84A-B4B0-4389-BF5B-7E25FD9DCF3D}.DLL Debug.ActiveCfg = Debug|Win32
		{B437B84A-B4B0-4389-BF5B-7E25FD9DCF3D}.DLL Debug.Build.0 = Debug|Win32
		{B437B84A-B4B0-4389-BF5B-7E25FD9DCF3D}.DLL Release.ActiveCfg = Release|Win32
		{B437B84A-B4B0-4389-BF5B-7E25FD9DCF3D}.DLL Release.Build.0 = Release|Win32
		{B437B84A-B4B0-4389-BF5B-7E25FD9DCF3D}.DLL VB.ActiveCfg = Debug|Win32
		{B437B84A-B4B0-4389-BF5B-7E25FD9DCF3D}.DLL VB.Build.0 = Debug|Win32
		{B437B84A-B4B0-4389-BF5B-7E25FD9DCF3D}.DLL-Import Debug.ActiveCfg = Debug|Win32
		{B437B84A-B4B0-4389-BF5B-7E25FD9DCF3D}.DLL-Import Debug.Build.0 = Debug|Win32
		{B437B84A-B4B0-4389-BF5B-7E25FD9DCF3D}.DLL-Import Release.ActiveCfg = Release|Win32
		{B437B84A-B4B0-4389-BF5B-7E25FD9DCF3D}.DLL-Import Release.Build.0 = Release|Win32
		{B437B84A-B4B0-4389-BF5B-7E25FD9DCF3D}.LIB ASM Debug.ActiveCfg = Debug|Win32
		{B437B84A-B4B0-4389-BF5B-7E25FD9DCF3D}.LIB ASM Debug.Build.0 = Debug|Win32
		{B437B84A-B4B0-4389-BF5B-7E25FD9DCF3D}.LIB ASM Release.ActiveCfg = Release|Win32
		{B437B84A-B4B0-4389-BF5B-7E25FD9DCF3D}.LIB ASM Release.Build.0 = Release|Win32
		{B437B84A-B4B0-4389-BF5B-7E25FD9DCF3D}.LIB Debug.ActiveCfg = Debug|Win32
		{B437B84A-B4B0-4389-BF5B-7E25FD9DCF3D}.LIB Debug.Build.0 = Debug|Win32
		{B437B84A-B4B0-4389-BF5B-7E25FD9DCF3D}.LIB Release.ActiveCfg = Release|Win32
		{B437B84A-B4B0-4389-BF5B-7E25FD9DCF3D}.LIB Release.Build.0 = Release|Win32
		{B437B84A-B4B0-4389-BF5B-7E25FD9DCF3D}.Release.ActiveCfg = Release|Win32
		{B437B84A-B4B0-4389-BF5B-7E25FD9DCF3D}.Release.Build.0 = Release|Win32
		{B437B84A-B4B0-4389-BF5B-7E25FD9DCF3D}.Release Static.ActiveCfg = Release|Win32
		{B437B84A-B4B0-4389-BF5B-7E25FD9DCF3D}.Release Static.Build.0 = Release|Win32
		{EEA5B300-60AB-4132-8E4B-B11C3B080621}.Debug.ActiveCfg = Debug|Win32
		{EEA5B300-60AB-4132-8E4B-B11C3B080621}.Debug.Build.0 = Debug|Win32
		{EEA5B300-60AB-4132-8E4B-B11C3B080621}.Debug Static.ActiveCfg = Debug|Win32
		{EEA5B300-60AB-4132-8E4B-B11C3B080621}.Debug Static.Build.0 = Debug|Win32
		{EEA5B300-60AB-4132-8E4B-B11C3B080621}.DLL ASM Debug.ActiveCfg = Debug|Win32
		{EEA5B300-60AB-4132-8E4B-B11C3B080621}.DLL ASM Debug.Build.0 = Debug|Win32
		{EEA5B300-60AB-4132-8E4B-B11C3B080621}.DLL ASM Release.ActiveCfg = Release|Win32
		{EEA5B300-60AB-4132-8E4B-B11C3B080621}.DLL ASM Release.Build.0 = Release|Win32
		{EEA5B300-60AB-4132-8E4B-B11C3B080621}.DLL Debug.ActiveCfg = Debug|Win32
		{EEA5B300-60AB-4132-8E4B-B11C3B080621}.DLL Debug.Build.0 = Debug|Win32
		{EEA5B300-60AB-4132-8E4B-B11C3B080621}.DLL Release.ActiveCfg = Release|Win32
		{EEA5B300-60AB-4132-8E4B-B11C3B080621}.DLL Release.Build.0 = Release|Win32
		{EEA5B300-60AB-4132-8E4B-B11C3B080621}.DLL VB.ActiveCfg = Debug|Win32
		{EEA5B300-60AB-4132-8E4B-B11C3B080621}.DLL VB.Build.0 = Debug|Win32
		{EEA5B300-60AB-4132-8E4B-B11C3B080621}.DLL-Import Debug.ActiveCfg = Debug|Win32
		{EEA5B300-60AB-4132-8E4B-B11C3B080621}.DLL-Import Debug.Build.0 = Debug|Win32
		{EEA5B300-60AB-4132-8E4B-B11C3B080621}.DLL-Import Release.ActiveCfg = Release|Win32
		{EEA5B300-60AB-4132-8E4B-B11C3B080621}.DLL-Import Release.Build.0 = Release|Win32
		{EEA5B300-60AB-4132-8E4B-B11C3B080621}.LIB ASM Debug.ActiveCfg = Debug|Win32
		{EEA5B300-60AB-4132-8E4B-B11C3B080621}.LIB ASM Debug.Build.0 = Debug|Win32
		{EEA5B300-60AB-4132-8E4B-B11C3B080621}.LIB ASM Release.ActiveCfg = Release|Win32
		{EEA5B300-60AB-4132-8E4B-B11C3B080621}.LIB ASM Release.Build.0 = Release|Win32
		{EEA5B300-60AB-4132-8E4B-B11C3B080621}.LIB Debug.ActiveCfg = Debug|Win32
		{EEA5B300-60AB-4132-8E4B-B11C3B080621}.LIB Debug.Build.0 = Debug|Win32
		{EEA5B300-60AB-4132-8E4B-B11C3B080621}.LIB Release.ActiveCfg = Release|Win32
		{EEA5B300-60AB-4132-8E4B-B11C3B080621}.LIB Release.Build.0 = Release|Win32
		{EEA5B300-60AB-4132-8E4B-B11C3B080621}.Release.ActiveCfg = Release|Win32
		{EEA5B300-60AB-4132-8E4B-B11C3B080621}.Release.Build.0 = Release|Win32
		{EEA5B300-60AB-4132-8E4B-B11C3B080621}.Release Static.ActiveCfg = Release|Win32
		{EEA5B300-60AB-4132-8E4B-B11C3B080621}.Release Static.Build.0 = Release|Win32
		{25CA79CB-33A0-4B36-BCC3-6AA5AC8C79CD}.Debug.ActiveCfg = Debug|Win32
		{25CA79CB-33A0-4B36-BCC3-6AA5AC8C79CD}.Debug.Build.0 = Debug|Win32
		{25CA79CB-33A0-4B36-BCC3-6AA5AC8C79CD}.Debug Static.ActiveCfg = Debug|Win32
		{25CA79CB-33A0-4B36-BCC3-6AA5AC8C79CD}.Debug Static.Build.0 = Debug|Win32
		{25CA79CB-33A0-4B36-BCC3-6AA5AC8C79CD}.DLL ASM Debug.ActiveCfg = Debug|Win32
		{25CA79CB-33A0-4B36-BCC3-6AA5AC8C79CD}.DLL ASM Debug.Build.0 = Debug|Win32
		{25CA79CB-33A0-4B36-BCC3-6AA5AC8C79CD}.DLL ASM Release.ActiveCfg = Release|Win32
		{25CA79CB-33A0-4B36-BCC3-6AA5AC8C79CD}.DLL ASM Release.Build.0 = Release|Win32
		{25CA79CB-33A0-4B36-BCC3-6AA5AC8C79CD}.DLL Debug.ActiveCfg = Debug|Win32
		{25CA79CB-33A0-4B36-BCC3-6AA5AC8C79CD}.DLL Debug.Build.0 = Debug|Win32
		{25CA79CB-33A0-4B36-BCC3-6AA5AC8C79CD}.DLL Release.ActiveCfg = Release|Win32
		{25CA79CB-33A0-4B36-BCC3-6AA5AC8C79CD}.DLL Release.Build.0 = Release|Win32
		{25CA79CB-33A0-4B36-BCC3-6AA5AC8C79CD}.DLL VB.ActiveCfg = Debug|Win32
		{25CA79CB-33A0-4B36-BCC3-6AA5AC8C79CD}.DLL VB.Build.0 = Debug|Win32
		{25CA79CB-33A0-4B36-BCC3-6AA5AC8C79CD}.DLL-Import Debug.ActiveCfg = Debug|Win32
		{25CA79CB-33A0-4B36-BCC3-6AA5AC8C79CD}.DLL-Import Debug.Build.0 = Debug|Win32
		{25CA79CB-33A0-4B36-BCC3-6AA5AC8C79CD}.DLL-Import Release.ActiveCfg = Release|Win32
		{25CA79CB-33A0-4B36-BCC3-6AA5AC8C79CD}.DLL-Import Release.Build.0 = Release|Win32
		{25CA79CB-33A0-4B36-BCC3-6AA5AC8C79CD}.LIB ASM Debug.ActiveCfg = Debug|Win32
		{25CA79CB-33A0-4B36-BCC3-6AA5AC8C79CD}.LIB ASM Debug.Build.0 = Debug|Win32
		{25CA79CB-33A0-4B36-BCC3-6AA5AC8C79CD}.LIB ASM Release.ActiveCfg = Release|Win32
		{25CA79CB-33A0-4B36-BCC3-6AA5AC8C79CD}.LIB ASM Release.Build.0 = Release|Win32
		{25CA79CB-33A0-4B36-BCC3-6AA5AC8C79CD}.LIB Debug.ActiveCfg = Debug|Win32
		{25CA79CB-33A0-4B36-BCC3-6AA5AC8C79CD}.LIB Debug.Build.0 = Debug|Win32
		{25CA79CB-33A0-4B36-BCC3-6AA5AC8C79CD}.LIB Release.ActiveCfg = Release|Win32
		{25CA79CB-33A0-4B36-BCC3-6AA5AC8C79CD}.LIB Release.Build.0 = Release|Win32
		{25CA79CB-33A0-4B36-BCC3-6AA5AC8C79CD}.Release.ActiveCfg = Release|Win32
		{25CA79CB-33A0-4B36-BCC3-6AA5AC8C79CD}.Release.Build.0 = Release|Win32
		{25CA79CB-33A0-4B36-BCC3-6AA5AC8C79CD}.Release Static.ActiveCfg = Release|Win32
		{25CA79CB-33A0-4B36-BCC3-6AA5AC8C79CD}.Release Static.Build.0 = Release|Win32
		{21AF1049-925D-4220-8962-9C03C2100B0F}.Debug.ActiveCfg = Debug|Win32
		{21AF1049-925D-4220-8962-9C03C2100B0F}.Debug.Build.0 = Debug|Win32
		{21AF1049-925D-4220-8962-9C03C2100B0F}.Debug Static.ActiveCfg = Debug|Win32
		{21AF1049-925D-4220-8962-9C03C2100B0F}.Debug Static.Build.0 = Debug|Win32
		{21AF1049-925D-4220-8962-9C03C2100B0F}.DLL ASM Debug.ActiveCfg = Debug|Win32
		{21AF1049-925D-4220-8962-9C03C2100B0F}.DLL ASM Debug.Build.0 = Debug|Win32
		{21AF1049-925D-4220-8962-9C03C2100B0F}.DLL ASM Release.ActiveCfg = Release|Win32
		{21AF1049-925D-4220-8962-9C03C2100B0F}.DLL ASM Release.Build.0 = Release|Win32
		{21AF1049-925D-4220-8962-9C03C2100B0F}.DLL Debug.ActiveCfg = Debug|Win32
		{21AF1049-925D-4220-8962-9C03C2100B0F}.DLL Debug.Build.0 = Debug|Win32
		{21AF1049-925D-4220-8962-9C03C2100B0F}.DLL Release.ActiveCfg = Release|Win32
		{21AF1049-925D-4220-8962-9C03C2100B0F}.DLL Release.Build.0 = Release|Win32
		{21AF1049-925D-4220-8962-9C03C2100B0F}.DLL VB.ActiveCfg = Debug|Win32
		{21AF1049-925D-4220-8962-9C03C2100B0F}.DLL VB.Build.0 = Debug|Win32
		{21AF1049-925D-4220-8962-9C03C2100B0F}.DLL-Import Debug.ActiveCfg = Debug|Win32
		{21AF1049-925D-4220-8962-9C03C2100B0F}.DLL-Import Debug.Build.0 = Debug|Win32
		{21AF1049-925D-4220-8962-9C03C2100B0F}.DLL-Import Release.ActiveCfg = Release|Win32
		{21AF1049-925D-4220-8962-9C03C2100B0F}.DLL-Import Release.Build.0 = Release|Win32
		{21AF1049-925D-4220-8962-9C03C2100B0F}.LIB ASM Debug.ActiveCfg = Debug|Win32
		{21AF1049-925D-4220-8962-9C03C2100B0F}.LIB ASM Debug.Build.0 = Debug|Win32
		{21AF1049-925D-4220-8962-9C03C2100B0F}.LIB ASM Release.ActiveCfg = Release|Win32
		{21AF1049-925D-4220-8962-9C03C2100B0F}.LIB ASM Release.Build.0 = Release|Win32
		{21AF1049-925D-4220-8962-9C03C2100B0F}.LIB Debug.ActiveCfg = Debug|Win32
		{21AF1049-925D-4220-8962-9C03C2100B0F}.LIB Debug.Build.0 = Debug|Win32
		{21AF1049-925D-4220-8962-9C03C2100B0F}.LIB Release.ActiveCfg = Release|Win32
		{21AF1049-925D-4220-8962-9C03C2100B0F}.LIB Release.Build.0 = Release|Win32
		{21AF1049-925D-4220-8962-9C03C2100B0F}.Release.ActiveCfg = Release|Win32
		{21AF1049-925D-4220-8962-9C03C2100B0F}.Release.Build.0 = Release|Win32
		{21AF1049-925D-4220-8962-9C03C2100B0F}.Release Static.ActiveCfg = Release|Win32
		{21AF1049-925D-4220-8962-9C03C2100B0F}.Release Static.Build.0 = Release|Win32
	EndGlobalSection
	GlobalSection(ExtensibilityGlobals) = postSolution
	EndGlobalSection
	GlobalSection(ExtensibilityAddIns) = postSolution
	EndGlobalSection
	GlobalSection(DevPartner Solution Properties) = postSolution
	EndGlobalSection
	GlobalSection(DevPartner) = postSolution
	EndGlobalSection
	GlobalSection(DevPartner) = postSolution
	EndGlobalSection
	GlobalSection(DevPartner) = postSolution
	EndGlobalSection
	GlobalSection(DevPartner) = postSolution
	EndGlobalSection
EndGlobal
